
Microsoft Visual Studio Solution File, Format Version 12.00
# Visual Studio Version 17
VisualStudioVersion = 17.6.33723.286
MinimumVisualStudioVersion = 10.0.40219.1
Project("{FAE04EC0-301F-11D3-BF4B-00C04F79EFBC}") = "DivisionService", "DivisionService.csproj", "{B9985BF8-0AC1-480D-89A9-34ED3E7FEFB8}"
EndProject
Global
	GlobalSection(SolutionConfigurationPlatforms) = preSolution
		Debug|Any CPU = Debug|Any CPU
		Release|Any CPU = Release|Any CPU
	EndGlobalSection
	GlobalSection(ProjectConfigurationPlatforms) = postSolution
		{B9985BF8-0AC1-480D-89A9-34ED3E7FEFB8}.Debug|Any CPU.ActiveCfg = Debug|Any CPU
		{B9985BF8-0AC1-480D-89A9-34ED3E7FEFB8}.Debug|Any CPU.Build.0 = Debug|Any CPU
		{B9985BF8-0AC1-480D-89A9-34ED3E7FEFB8}.Release|Any CPU.ActiveCfg = Release|Any CPU
		{B9985BF8-0AC1-480D-89A9-34ED3E7FEFB8}.Release|Any CPU.Build.0 = Release|Any CPU
	EndGlobalSection
	GlobalSection(SolutionProperties) = preSolution
		HideSolutionNode = FALSE
	EndGlobalSection
	GlobalSection(ExtensibilityGlobals) = postSolution
		SolutionGuid = {2729BE3B-A302-4E8A-9015-452149E31EF9}
	EndGlobalSection
EndGlobal
